// !$*UTF8*$!
{
	archiveVersion = 1;
	classes = {
	};
	objectVersion = 60;
	objects = {

/* Begin PBXBuildFile section */
		08340E29EFB647C8B5ECDA21 /* NewsRepository.swift in Sources */ = {isa = PBXBuildFile; fileRef = 8715256C4DB7486CB8C59699 /* NewsRepository.swift */; };
		09584ED912724DCFA1639335 /* Assets.xcassets in Resources */ = {isa = PBXBuildFile; fileRef = 3C8A6B58C86D427991CE232E /* Assets.xcassets */; };
		09F0CE42441746568C8EAF05 /* Article.swift in Sources */ = {isa = PBXBuildFile; fileRef = 0ABD8FAA849C4C008A9A71C4 /* Article.swift */; };
		0AAF13B9E4E6F722687C70AC /* OnboardingView.swift in Sources */ = {isa = PBXBuildFile; fileRef = 92B9565514B68DB5A3146A5D /* OnboardingView.swift */; };
		0F0F59A59DDC45EBB05B1642 /* AINewsTodayApp.swift in Sources */ = {isa = PBXBuildFile; fileRef = D44A1E92D8E94265A8E2B81F /* AINewsTodayApp.swift */; };
		160B081B8E939775EEA0382A /* OnboardingPageView.swift in Sources */ = {isa = PBXBuildFile; fileRef = EEEF7A6C802A351522C08DDC /* OnboardingPageView.swift */; };
		17EA17C41DF346FBB3ADBF97 /* PrivacyInfo.xcprivacy in Resources */ = {isa = PBXBuildFile; fileRef = 997E572B74974088BB594877 /* PrivacyInfo.xcprivacy */; };
		2858142D0D064619A2CE9BFA /* FeedViewModel.swift in Sources */ = {isa = PBXBuildFile; fileRef = 49F4BD929C7B49BDA7CE5B75 /* FeedViewModel.swift */; };
		3C5A114EFBCD476FAAB93C05 /* BookmarksView.swift in Sources */ = {isa = PBXBuildFile; fileRef = 223CE062B55F45FDB7A703E8 /* BookmarksView.swift */; };
		441720CCF9D8489E8BA6CEE3 /* Source.swift in Sources */ = {isa = PBXBuildFile; fileRef = 586BBD97AFC049F1883F7161 /* Source.swift */; };
		4A809BB06BF14C978F07C581 /* UserPreferences.swift in Sources */ = {isa = PBXBuildFile; fileRef = 91E7A396B30843109F9BBFF3 /* UserPreferences.swift */; };
		4C31A94C4E3347939D601ECD /* PaywallView.swift in Sources */ = {isa = PBXBuildFile; fileRef = 6AE6BC3EF2234E7B998E7D86 /* PaywallView.swift */; };
		54859DE907F044EB87BCE7FF /* StoreManager.swift in Sources */ = {isa = PBXBuildFile; fileRef = 73264B913D694A19B9188208 /* StoreManager.swift */; };
		554F9DA43BD94089BE42CF7A /* NotificationManager.swift in Sources */ = {isa = PBXBuildFile; fileRef = 28E43B6C7B3B4BF3937E9A93 /* NotificationManager.swift */; };
		795811C8D777F3F14B533910 /* TopicSelectionGrid.swift in Sources */ = {isa = PBXBuildFile; fileRef = F1236DCFF1442526B2A29031 /* TopicSelectionGrid.swift */; };
		7EB11E3CCA3C46EF91F3E6C2 /* SettingsView.swift in Sources */ = {isa = PBXBuildFile; fileRef = BB6155CFEBD14D5F89E77034 /* SettingsView.swift */; };
		82757BD6246842478459C70F /* ContentView.swift in Sources */ = {isa = PBXBuildFile; fileRef = 72ECECBBA0394C5BA2226F5C /* ContentView.swift */; };
		8851F2FBFB30425890888A72 /* UsageManager.swift in Sources */ = {isa = PBXBuildFile; fileRef = 3C0F222C52C9491DAAD407AF /* UsageManager.swift */; };
		A6A070E64FD14C279B1EB8EE /* PersistenceService.swift in Sources */ = {isa = PBXBuildFile; fileRef = A9F1D604B3A94D878654A301 /* PersistenceService.swift */; };
		B0F733A72A3248C1AB3D6BDE /* ArticleCategory.swift in Sources */ = {isa = PBXBuildFile; fileRef = 2BC711B3D2E54E0BA9716EBE /* ArticleCategory.swift */; };
		D63BB713D37B4A5D956DC033 /* ArticleDetailView.swift in Sources */ = {isa = PBXBuildFile; fileRef = E542C85FBE794E97A463EA9E /* ArticleDetailView.swift */; };
		D83A5141C1C741B9929D6B1C /* APIClient.swift in Sources */ = {isa = PBXBuildFile; fileRef = DBE0885509D14D4B86138CCD /* APIClient.swift */; };
		E9EB7C6422C0410086EA27D6 /* ArticleCardView.swift in Sources */ = {isa = PBXBuildFile; fileRef = 26FE61B6F6AB4612B9C1D09C /* ArticleCardView.swift */; };
		F2A3C9372F6C43D2B22B7276 /* FeedView.swift in Sources */ = {isa = PBXBuildFile; fileRef = 5F76A54EBB214254A9F8E303 /* FeedView.swift */; };
/* End PBXBuildFile section */

/* Begin PBXFileReference section */
		0ABD8FAA849C4C008A9A71C4 /* Article.swift */ = {isa = PBXFileReference; lastKnownFileType = sourcecode.swift; path = Article.swift; sourceTree = "<group>"; };
		223CE062B55F45FDB7A703E8 /* BookmarksView.swift */ = {isa = PBXFileReference; lastKnownFileType = sourcecode.swift; path = BookmarksView.swift; sourceTree = "<group>"; };
		26FE61B6F6AB4612B9C1D09C /* ArticleCardView.swift */ = {isa = PBXFileReference; lastKnownFileType = sourcecode.swift; path = ArticleCardView.swift; sourceTree = "<group>"; };
		28E43B6C7B3B4BF3937E9A93 /* NotificationManager.swift */ = {isa = PBXFileReference; lastKnownFileType = sourcecode.swift; path = NotificationManager.swift; sourceTree = "<group>"; };
		2BC711B3D2E54E0BA9716EBE /* ArticleCategory.swift */ = {isa = PBXFileReference; lastKnownFileType = sourcecode.swift; path = ArticleCategory.swift; sourceTree = "<group>"; };
		3C0F222C52C9491DAAD407AF /* UsageManager.swift */ = {isa = PBXFileReference; lastKnownFileType = sourcecode.swift; path = UsageManager.swift; sourceTree = "<group>"; };
		3C8A6B58C86D427991CE232E /* Assets.xcassets */ = {isa = PBXFileReference; lastKnownFileType = folder.assetcatalog; path = Assets.xcassets; sourceTree = "<group>"; };
		49F4BD929C7B49BDA7CE5B75 /* FeedViewModel.swift */ = {isa = PBXFileReference; lastKnownFileType = sourcecode.swift; path = FeedViewModel.swift; sourceTree = "<group>"; };
		586BBD97AFC049F1883F7161 /* Source.swift */ = {isa = PBXFileReference; lastKnownFileType = sourcecode.swift; path = Source.swift; sourceTree = "<group>"; };
		5F76A54EBB214254A9F8E303 /* FeedView.swift */ = {isa = PBXFileReference; lastKnownFileType = sourcecode.swift; path = FeedView.swift; sourceTree = "<group>"; };
		6AE6BC3EF2234E7B998E7D86 /* PaywallView.swift */ = {isa = PBXFileReference; lastKnownFileType = sourcecode.swift; path = PaywallView.swift; sourceTree = "<group>"; };
		72ECECBBA0394C5BA2226F5C /* ContentView.swift */ = {isa = PBXFileReference; lastKnownFileType = sourcecode.swift; path = ContentView.swift; sourceTree = "<group>"; };
		73264B913D694A19B9188208 /* StoreManager.swift */ = {isa = PBXFileReference; lastKnownFileType = sourcecode.swift; path = StoreManager.swift; sourceTree = "<group>"; };
		8715256C4DB7486CB8C59699 /* NewsRepository.swift */ = {isa = PBXFileReference; lastKnownFileType = sourcecode.swift; path = NewsRepository.swift; sourceTree = "<group>"; };
		91E7A396B30843109F9BBFF3 /* UserPreferences.swift */ = {isa = PBXFileReference; lastKnownFileType = sourcecode.swift; path = UserPreferences.swift; sourceTree = "<group>"; };
		92B9565514B68DB5A3146A5D /* OnboardingView.swift */ = {isa = PBXFileReference; includeInIndex = 1; lastKnownFileType = sourcecode.swift; path = OnboardingView.swift; sourceTree = "<group>"; };
		997E572B74974088BB594877 /* PrivacyInfo.xcprivacy */ = {isa = PBXFileReference; lastKnownFileType = text.xml; path = PrivacyInfo.xcprivacy; sourceTree = "<group>"; };
		A9F1D604B3A94D878654A301 /* PersistenceService.swift */ = {isa = PBXFileReference; lastKnownFileType = sourcecode.swift; path = PersistenceService.swift; sourceTree = "<group>"; };
		BB6155CFEBD14D5F89E77034 /* SettingsView.swift */ = {isa = PBXFileReference; lastKnownFileType = sourcecode.swift; path = SettingsView.swift; sourceTree = "<group>"; };
		C897E212ED2943F787084DAA /* AI News Today.app */ = {isa = PBXFileReference; explicitFileType = wrapper.application; includeInIndex = 0; path = "AI News Today.app"; sourceTree = BUILT_PRODUCTS_DIR; };
		D44A1E92D8E94265A8E2B81F /* AINewsTodayApp.swift */ = {isa = PBXFileReference; lastKnownFileType = sourcecode.swift; path = AINewsTodayApp.swift; sourceTree = "<group>"; };
		DBE0885509D14D4B86138CCD /* APIClient.swift */ = {isa = PBXFileReference; lastKnownFileType = sourcecode.swift; path = APIClient.swift; sourceTree = "<group>"; };
		E542C85FBE794E97A463EA9E /* ArticleDetailView.swift */ = {isa = PBXFileReference; lastKnownFileType = sourcecode.swift; path = ArticleDetailView.swift; sourceTree = "<group>"; };
		EEEF7A6C802A351522C08DDC /* OnboardingPageView.swift */ = {isa = PBXFileReference; includeInIndex = 1; lastKnownFileType = sourcecode.swift; path = OnboardingPageView.swift; sourceTree = "<group>"; };
		F1236DCFF1442526B2A29031 /* TopicSelectionGrid.swift */ = {isa = PBXFileReference; includeInIndex = 1; lastKnownFileType = sourcecode.swift; path = TopicSelectionGrid.swift; sourceTree = "<group>"; };
/* End PBXFileReference section */

/* Begin PBXFrameworksBuildPhase section */
		B49946C0E2B74C51AFD64D93 /* Frameworks */ = {
			isa = PBXFrameworksBuildPhase;
			buildActionMask = 2147483647;
			files = (
			);
			runOnlyForDeploymentPostprocessing = 0;
		};
/* End PBXFrameworksBuildPhase section */

/* Begin PBXGroup section */
		0CE677B4C5CA4BDB9391A138 /* Views */ = {
			isa = PBXGroup;
			children = (
				4CB8558E788449588CB5D8D2 /* Feed */,
				657DBBBB149648E9AF2EF765 /* Bookmarks */,
				81854249815C4103B9B0DC4C /* Settings */,
				D02A266A8F1642CD9C05F0FC /* Paywall */,
				D1B798E8F38077B9EB9B3C80 /* Onboarding */,
			);
			path = Views;
			sourceTree = "<group>";
		};
		4CB8558E788449588CB5D8D2 /* Feed */ = {
			isa = PBXGroup;
			children = (
				5F76A54EBB214254A9F8E303 /* FeedView.swift */,
				26FE61B6F6AB4612B9C1D09C /* ArticleCardView.swift */,
				E542C85FBE794E97A463EA9E /* ArticleDetailView.swift */,
			);
			path = Feed;
			sourceTree = "<group>";
		};
		53B2606574EF4A1DB0402751 /* Services */ = {
			isa = PBXGroup;
			children = (
				DBE0885509D14D4B86138CCD /* APIClient.swift */,
				A9F1D604B3A94D878654A301 /* PersistenceService.swift */,
				8715256C4DB7486CB8C59699 /* NewsRepository.swift */,
				28E43B6C7B3B4BF3937E9A93 /* NotificationManager.swift */,
				73264B913D694A19B9188208 /* StoreManager.swift */,
				3C0F222C52C9491DAAD407AF /* UsageManager.swift */,
			);
			path = Services;
			sourceTree = "<group>";
		};
		58E96E3026384CA594DE8054 /* Models */ = {
			isa = PBXGroup;
			children = (
				0ABD8FAA849C4C008A9A71C4 /* Article.swift */,
				2BC711B3D2E54E0BA9716EBE /* ArticleCategory.swift */,
				586BBD97AFC049F1883F7161 /* Source.swift */,
				91E7A396B30843109F9BBFF3 /* UserPreferences.swift */,
			);
			path = Models;
			sourceTree = "<group>";
		};
		6039473360D348DB81567667 = {
			isa = PBXGroup;
			children = (
				D7F38B8B3B184BA7A593F7EA /* AINewsToday */,
				809A7FD3B15F40BD9710BA97 /* Products */,
			);
			sourceTree = "<group>";
		};
		657DBBBB149648E9AF2EF765 /* Bookmarks */ = {
			isa = PBXGroup;
			children = (
				223CE062B55F45FDB7A703E8 /* BookmarksView.swift */,
			);
			path = Bookmarks;
			sourceTree = "<group>";
		};
		809A7FD3B15F40BD9710BA97 /* Products */ = {
			isa = PBXGroup;
			children = (
				C897E212ED2943F787084DAA /* AI News Today.app */,
			);
			name = Products;
			sourceTree = "<group>";
		};
		81854249815C4103B9B0DC4C /* Settings */ = {
			isa = PBXGroup;
			children = (
				BB6155CFEBD14D5F89E77034 /* SettingsView.swift */,
			);
			path = Settings;
			sourceTree = "<group>";
		};
		D02A266A8F1642CD9C05F0FC /* Paywall */ = {
			isa = PBXGroup;
			children = (
				6AE6BC3EF2234E7B998E7D86 /* PaywallView.swift */,
			);
			path = Paywall;
			sourceTree = "<group>";
		};
		D1B798E8F38077B9EB9B3C80 /* Onboarding */ = {
			isa = PBXGroup;
			children = (
				92B9565514B68DB5A3146A5D /* OnboardingView.swift */,
				EEEF7A6C802A351522C08DDC /* OnboardingPageView.swift */,
				F1236DCFF1442526B2A29031 /* TopicSelectionGrid.swift */,
			);
			name = Onboarding;
			path = Onboarding;
			sourceTree = "<group>";
		};
		D7F38B8B3B184BA7A593F7EA /* AINewsToday */ = {
			isa = PBXGroup;
			children = (
				D44A1E92D8E94265A8E2B81F /* AINewsTodayApp.swift */,
				72ECECBBA0394C5BA2226F5C /* ContentView.swift */,
				0CE677B4C5CA4BDB9391A138 /* Views */,
				58E96E3026384CA594DE8054 /* Models */,
				53B2606574EF4A1DB0402751 /* Services */,
				F1A96C4A79404A399E3A9691 /* ViewModels */,
				3C8A6B58C86D427991CE232E /* Assets.xcassets */,
				997E572B74974088BB594877 /* PrivacyInfo.xcprivacy */,
			);
			path = AINewsToday;
			sourceTree = "<group>";
		};
		F1A96C4A79404A399E3A9691 /* ViewModels */ = {
			isa = PBXGroup;
			children = (
				49F4BD929C7B49BDA7CE5B75 /* FeedViewModel.swift */,
			);
			path = ViewModels;
			sourceTree = "<group>";
		};
/* End PBXGroup section */

/* Begin PBXNativeTarget section */
		61B2B145EA304B7AB01C8AD3 /* AINewsToday */ = {
			isa = PBXNativeTarget;
			buildConfigurationList = 3CD4FB66F35242BF9B79B56E /* Build configuration list for PBXNativeTarget "AINewsToday" */;
			buildPhases = (
				73CD0996EEBF4D6B9867A760 /* Sources */,
				B49946C0E2B74C51AFD64D93 /* Frameworks */,
				82C7EDFB23AD4739905FEAF1 /* Resources */,
			);
			buildRules = (
			);
			dependencies = (
			);
			name = AINewsToday;
			packageProductDependencies = (
				A21B70B132D44A54B9CBE02A /* RevenueCat */,
			);
			productName = "AI News Today";
			productReference = C897E212ED2943F787084DAA /* AI News Today.app */;
			productType = "com.apple.product-type.application";
		};
/* End PBXNativeTarget section */

/* Begin PBXProject section */
		A0B6D6F11D66422F820783A1 /* Project object */ = {
			isa = PBXProject;
			attributes = {
				BuildIndependentTargetsInParallel = 1;
				LastSwiftUpdateCheck = 1540;
				LastUpgradeCheck = 1540;
			};
			buildConfigurationList = 1A1D3274AB9343D1853EB9B7 /* Build configuration list for PBXProject "AINewsToday" */;
			developmentRegion = en;
			hasScannedForEncodings = 0;
			knownRegions = (
				en,
				Base,
			);
			mainGroup = 6039473360D348DB81567667;
			packageReferences = (
				184614C3B4B14FBDB99D167C /* XCRemoteSwiftPackageReference "purchases-ios" */,
			);
			productRefGroup = 809A7FD3B15F40BD9710BA97 /* Products */;
			projectDirPath = "";
			projectRoot = "";
			targets = (
				61B2B145EA304B7AB01C8AD3 /* AINewsToday */,
			);
		};
/* End PBXProject section */

/* Begin PBXResourcesBuildPhase section */
		82C7EDFB23AD4739905FEAF1 /* Resources */ = {
			isa = PBXResourcesBuildPhase;
			buildActionMask = 2147483647;
			files = (
				09584ED912724DCFA1639335 /* Assets.xcassets in Resources */,
				17EA17C41DF346FBB3ADBF97 /* PrivacyInfo.xcprivacy in Resources */,
			);
			runOnlyForDeploymentPostprocessing = 0;
		};
/* End PBXResourcesBuildPhase section */

/* Begin PBXSourcesBuildPhase section */
		73CD0996EEBF4D6B9867A760 /* Sources */ = {
			isa = PBXSourcesBuildPhase;
			buildActionMask = 2147483647;
			files = (
				0F0F59A59DDC45EBB05B1642 /* AINewsTodayApp.swift in Sources */,
				D83A5141C1C741B9929D6B1C /* APIClient.swift in Sources */,
				09F0CE42441746568C8EAF05 /* Article.swift in Sources */,
				E9EB7C6422C0410086EA27D6 /* ArticleCardView.swift in Sources */,
				B0F733A72A3248C1AB3D6BDE /* ArticleCategory.swift in Sources */,
				D63BB713D37B4A5D956DC033 /* ArticleDetailView.swift in Sources */,
				3C5A114EFBCD476FAAB93C05 /* BookmarksView.swift in Sources */,
				82757BD6246842478459C70F /* ContentView.swift in Sources */,
				F2A3C9372F6C43D2B22B7276 /* FeedView.swift in Sources */,
				2858142D0D064619A2CE9BFA /* FeedViewModel.swift in Sources */,
				08340E29EFB647C8B5ECDA21 /* NewsRepository.swift in Sources */,
				554F9DA43BD94089BE42CF7A /* NotificationManager.swift in Sources */,
				4C31A94C4E3347939D601ECD /* PaywallView.swift in Sources */,
				A6A070E64FD14C279B1EB8EE /* PersistenceService.swift in Sources */,
				7EB11E3CCA3C46EF91F3E6C2 /* SettingsView.swift in Sources */,
				441720CCF9D8489E8BA6CEE3 /* Source.swift in Sources */,
				54859DE907F044EB87BCE7FF /* StoreManager.swift in Sources */,
				8851F2FBFB30425890888A72 /* UsageManager.swift in Sources */,
				4A809BB06BF14C978F07C581 /* UserPreferences.swift in Sources */,
				0AAF13B9E4E6F722687C70AC /* OnboardingView.swift in Sources */,
				160B081B8E939775EEA0382A /* OnboardingPageView.swift in Sources */,
				795811C8D777F3F14B533910 /* TopicSelectionGrid.swift in Sources */,
			);
			runOnlyForDeploymentPostprocessing = 0;
		};
/* End PBXSourcesBuildPhase section */

/* Begin XCBuildConfiguration section */
		2B86233DEBFE4FDBB6FFB8CA /* Release */ = {
			isa = XCBuildConfiguration;
			buildSettings = {
				ALWAYS_SEARCH_USER_PATHS = NO;
				ASSTCOMPILER_GENERATE_SWIFT_ASSET_SYMBOL_EXTENSIONS = YES;
				CLANG_ANALYZER_NONNULL = YES;
				CLANG_ANALYZER_NUMBER_OBJECT_CONVERSION = YES_AGGRESSIVE;
				CLANG_CXX_LANGUAGE_STANDARD = "gnu++20";
				CLANG_ENABLE_MODULES = YES;
				CLANG_ENABLE_OBJC_ARC = YES;
				CLANG_ENABLE_OBJC_WEAK = YES;
				CLANG_WARN_BLOCK_CAPTURE_AUTORELEASING = YES;
				CLANG_WARN_BOOL_CONVERSION = YES;
				CLANG_WARN_COMMA = YES;
				CLANG_WARN_CONSTANT_CONVERSION = YES;
				CLANG_WARN_DEPRECATED_OBJC_IMPLEMENTATIONS = YES;
				CLANG_WARN_DIRECT_OBJC_ISA_USAGE = YES_ERROR;
				CLANG_WARN_DOCUMENTATION_COMMENTS = YES;
				CLANG_WARN_EMPTY_BODY = YES;
				CLANG_WARN_ENUM_CONVERSION = YES;
				CLANG_WARN_INFINITE_RECURSION = YES;
				CLANG_WARN_INT_CONVERSION = YES;
				CLANG_WARN_NON_LITERAL_NULL_CONVERSION = YES;
				CLANG_WARN_OBJC_IMPLICIT_RETAIN_SELF = YES;
				CLANG_WARN_OBJC_LITERAL_CONVERSION = YES;
				CLANG_WARN_OBJC_ROOT_CLASS = YES_ERROR;
				CLANG_WARN_QUOTED_INCLUDE_IN_FRAMEWORK_HEADER = YES;
				CLANG_WARN_RANGE_LOOP_ANALYSIS = YES;
				CLANG_WARN_STRICT_PROTOTYPES = YES;
				CLANG_WARN_SUSPICIOUS_MOVE = YES;
				CLANG_WARN_UNGUARDED_AVAILABILITY = YES_AGGRESSIVE;
				CLANG_WARN_UNREACHABLE_CODE = YES;
				CLANG_WARN__DUPLICATE_METHOD_MATCH = YES;
				COPY_PHASE_STRIP = NO;
				DEBUG_INFORMATION_FORMAT = "dwarf-with-dsym";
				ENABLE_NS_ASSERTIONS = NO;
				ENABLE_STRICT_OBJC_MSGSEND = YES;
				ENABLE_USER_SCRIPT_SANDBOXING = YES;
				GCC_C_LANGUAGE_STANDARD = gnu17;
				GCC_NO_COMMON_BLOCKS = YES;
				GCC_WARN_64_TO_32_BIT_CONVERSION = YES;
				GCC_WARN_ABOUT_RETURN_TYPE = YES_ERROR;
				GCC_WARN_UNDECLARED_SELECTOR = YES;
				GCC_WARN_UNINITIALIZED_AUTOS = YES_AGGRESSIVE;
				GCC_WARN_UNUSED_FUNCTION = YES;
				GCC_WARN_UNUSED_VARIABLE = YES;
				IPHONEOS_DEPLOYMENT_TARGET = 17.0;
				LOCALIZATION_PREFERS_STRING_CATALOGS = YES;
				MTL_ENABLE_DEBUG_INFO = NO;
				SDKROOT = iphoneos;
				SWIFT_COMPILATION_MODE = wholemodule;
				SWIFT_VERSION = 5.0;
				VALIDATE_PRODUCT = YES;
			};
			name = Release;
		};
		69D99F7A165C4D25A3FDE7C7 /* Debug */ = {
			isa = XCBuildConfiguration;
			buildSettings = {
				ASSETCATALOG_COMPILER_APPICON_NAME = AppIcon;
				ASSETCATALOG_COMPILER_GLOBAL_ACCENT_COLOR_NAME = AccentColor;
				CODE_SIGN_STYLE = Automatic;
				DEVELOPMENT_TEAM = WX98S3Z296;
				GENERATE_INFOPLIST_FILE = YES;
				INFOPLIST_KEY_UIApplicationSceneManifest_Generation = YES;
				INFOPLIST_KEY_UIApplicationSupportsIndirectInputEvents = YES;
				INFOPLIST_KEY_UILaunchScreen_Generation = YES;
				INFOPLIST_KEY_UISupportedInterfaceOrientations_iPad = "UIInterfaceOrientationPortrait UIInterfaceOrientationPortraitUpsideDown UIInterfaceOrientationLandscapeLeft UIInterfaceOrientationLandscapeRight";
				INFOPLIST_KEY_UISupportedInterfaceOrientations_iPhone = "UIInterfaceOrientationPortrait UIInterfaceOrientationLandscapeLeft UIInterfaceOrientationLandscapeRight";
				LD_RUNPATH_SEARCH_PATHS = (
					"$(inherited)",
					"@executable_path/Frameworks",
				);
				MARKETING_VERSION = 1.0;
				PRODUCT_BUNDLE_IDENTIFIER = com.chadnewbry.ainewstoday;
				PRODUCT_NAME = "AI News Today";
				SWIFT_EMIT_LOC_STRINGS = YES;
				TARGETED_DEVICE_FAMILY = "1,2";
			};
			name = Debug;
		};
		7A7288B2D1734A5B8447DD5F /* Debug */ = {
			isa = XCBuildConfiguration;
			buildSettings = {
				ALWAYS_SEARCH_USER_PATHS = NO;
				ASSTCOMPILER_GENERATE_SWIFT_ASSET_SYMBOL_EXTENSIONS = YES;
				CLANG_ANALYZER_NONNULL = YES;
				CLANG_ANALYZER_NUMBER_OBJECT_CONVERSION = YES_AGGRESSIVE;
				CLANG_CXX_LANGUAGE_STANDARD = "gnu++20";
				CLANG_ENABLE_MODULES = YES;
				CLANG_ENABLE_OBJC_ARC = YES;
				CLANG_ENABLE_OBJC_WEAK = YES;
				CLANG_WARN_BLOCK_CAPTURE_AUTORELEASING = YES;
				CLANG_WARN_BOOL_CONVERSION = YES;
				CLANG_WARN_COMMA = YES;
				CLANG_WARN_CONSTANT_CONVERSION = YES;
				CLANG_WARN_DEPRECATED_OBJC_IMPLEMENTATIONS = YES;
				CLANG_WARN_DIRECT_OBJC_ISA_USAGE = YES_ERROR;
				CLANG_WARN_DOCUMENTATION_COMMENTS = YES;
				CLANG_WARN_EMPTY_BODY = YES;
				CLANG_WARN_ENUM_CONVERSION = YES;
				CLANG_WARN_INFINITE_RECURSION = YES;
				CLANG_WARN_INT_CONVERSION = YES;
				CLANG_WARN_NON_LITERAL_NULL_CONVERSION = YES;
				CLANG_WARN_OBJC_IMPLICIT_RETAIN_SELF = YES;
				CLANG_WARN_OBJC_LITERAL_CONVERSION = YES;
				CLANG_WARN_OBJC_ROOT_CLASS = YES_ERROR;
				CLANG_WARN_QUOTED_INCLUDE_IN_FRAMEWORK_HEADER = YES;
				CLANG_WARN_RANGE_LOOP_ANALYSIS = YES;
				CLANG_WARN_STRICT_PROTOTYPES = YES;
				CLANG_WARN_SUSPICIOUS_MOVE = YES;
				CLANG_WARN_UNGUARDED_AVAILABILITY = YES_AGGRESSIVE;
				CLANG_WARN_UNREACHABLE_CODE = YES;
				CLANG_WARN__DUPLICATE_METHOD_MATCH = YES;
				COPY_PHASE_STRIP = NO;
				DEBUG_INFORMATION_FORMAT = "dwarf-with-dsym";
				ENABLE_NS_ASSERTIONS = NO;
				ENABLE_STRICT_OBJC_MSGSEND = YES;
				ENABLE_TESTABILITY = YES;
				ENABLE_USER_SCRIPT_SANDBOXING = YES;
				GCC_C_LANGUAGE_STANDARD = gnu17;
				GCC_DYNAMIC_NO_PIC = NO;
				GCC_NO_COMMON_BLOCKS = YES;
				GCC_OPTIMIZATION_LEVEL = 0;
				GCC_PREPROCESSOR_DEFINITIONS = (
					"DEBUG=1",
					"$(inherited)",
				);
				GCC_WARN_64_TO_32_BIT_CONVERSION = YES;
				GCC_WARN_ABOUT_RETURN_TYPE = YES_ERROR;
				GCC_WARN_UNDECLARED_SELECTOR = YES;
				GCC_WARN_UNINITIALIZED_AUTOS = YES_AGGRESSIVE;
				GCC_WARN_UNUSED_FUNCTION = YES;
				GCC_WARN_UNUSED_VARIABLE = YES;
				IPHONEOS_DEPLOYMENT_TARGET = 17.0;
				LOCALIZATION_PREFERS_STRING_CATALOGS = YES;
				MTL_ENABLE_DEBUG_INFO = INCLUDE_SOURCE;
				ONLY_ACTIVE_ARCH = YES;
				SDKROOT = iphoneos;
				SWIFT_COMPILATION_MODE = wholemodule;
				SWIFT_VERSION = 5.0;
			};
			name = Debug;
		};
		7A7B15887D944C7CAA690B58 /* Release */ = {
			isa = XCBuildConfiguration;
			buildSettings = {
				ASSETCATALOG_COMPILER_APPICON_NAME = AppIcon;
				ASSETCATALOG_COMPILER_GLOBAL_ACCENT_COLOR_NAME = AccentColor;
				CODE_SIGN_STYLE = Automatic;
				DEVELOPMENT_TEAM = WX98S3Z296;
				GENERATE_INFOPLIST_FILE = YES;
				INFOPLIST_KEY_UIApplicationSceneManifest_Generation = YES;
				INFOPLIST_KEY_UIApplicationSupportsIndirectInputEvents = YES;
				INFOPLIST_KEY_UILaunchScreen_Generation = YES;
				INFOPLIST_KEY_UISupportedInterfaceOrientations_iPad = "UIInterfaceOrientationPortrait UIInterfaceOrientationPortraitUpsideDown UIInterfaceOrientationLandscapeLeft UIInterfaceOrientationLandscapeRight";
				INFOPLIST_KEY_UISupportedInterfaceOrientations_iPhone = "UIInterfaceOrientationPortrait UIInterfaceOrientationLandscapeLeft UIInterfaceOrientationLandscapeRight";
				LD_RUNPATH_SEARCH_PATHS = (
					"$(inherited)",
					"@executable_path/Frameworks",
				);
				MARKETING_VERSION = 1.0;
				PRODUCT_BUNDLE_IDENTIFIER = com.chadnewbry.ainewstoday;
				PRODUCT_NAME = "AI News Today";
				SWIFT_EMIT_LOC_STRINGS = YES;
				TARGETED_DEVICE_FAMILY = "1,2";
			};
			name = Release;
		};
/* End XCBuildConfiguration section */

/* Begin XCConfigurationList section */
		1A1D3274AB9343D1853EB9B7 /* Build configuration list for PBXProject "AINewsToday" */ = {
			isa = XCConfigurationList;
			buildConfigurations = (
				7A7288B2D1734A5B8447DD5F /* Debug */,
				2B86233DEBFE4FDBB6FFB8CA /* Release */,
			);
			defaultConfigurationIsVisible = 0;
			defaultConfigurationName = Release;
		};
		3CD4FB66F35242BF9B79B56E /* Build configuration list for PBXNativeTarget "AINewsToday" */ = {
			isa = XCConfigurationList;
			buildConfigurations = (
				69D99F7A165C4D25A3FDE7C7 /* Debug */,
				7A7B15887D944C7CAA690B58 /* Release */,
			);
			defaultConfigurationIsVisible = 0;
			defaultConfigurationName = Release;
		};
/* End XCConfigurationList section */

/* Begin XCRemoteSwiftPackageReference section */
		184614C3B4B14FBDB99D167C /* XCRemoteSwiftPackageReference "purchases-ios" */ = {
			isa = XCRemoteSwiftPackageReference;
			repositoryURL = "https://github.com/RevenueCat/purchases-ios.git";
			requirement = {
				kind = upToNextMajorVersion;
				minimumVersion = 5.0.0;
			};
		};
/* End XCRemoteSwiftPackageReference section */

/* Begin XCSwiftPackageProductDependency section */
		A21B70B132D44A54B9CBE02A /* RevenueCat */ = {
			isa = XCSwiftPackageProductDependency;
			package = 184614C3B4B14FBDB99D167C /* XCRemoteSwiftPackageReference "purchases-ios" */;
			productName = RevenueCat;
		};
/* End XCSwiftPackageProductDependency section */
	};
	rootObject = A0B6D6F11D66422F820783A1 /* Project object */;
}
