// !$*UTF8*$!
{
	archiveVersion = 1;
	classes = {
	};
	objectVersion = 60;
	objects = {

/* Begin PBXBuildFile section */
		E50002000000000000000002 /* PrivacyInfo.xcprivacy in Resources */ = {isa = PBXBuildFile; fileRef = E50002000000000000000001 /* PrivacyInfo.xcprivacy */; };
		A10001000000000000000001 /* AINewsTodayApp.swift in Sources */ = {isa = PBXBuildFile; fileRef = A10002000000000000000001 /* AINewsTodayApp.swift */; };
		A10001000000000000000002 /* ContentView.swift in Sources */ = {isa = PBXBuildFile; fileRef = A10002000000000000000002 /* ContentView.swift */; };
		A10001000000000000000003 /* FeedView.swift in Sources */ = {isa = PBXBuildFile; fileRef = A10002000000000000000003 /* FeedView.swift */; };
		A10001000000000000000004 /* BookmarksView.swift in Sources */ = {isa = PBXBuildFile; fileRef = A10002000000000000000004 /* BookmarksView.swift */; };
		A10001000000000000000005 /* SettingsView.swift in Sources */ = {isa = PBXBuildFile; fileRef = A10002000000000000000005 /* SettingsView.swift */; };
		A10001000000000000000006 /* Assets.xcassets in Resources */ = {isa = PBXBuildFile; fileRef = A10002000000000000000006 /* Assets.xcassets */; };
B20001000000000000000001 /* Article.swift in Sources */ = {isa = PBXBuildFile; fileRef = B20002000000000000000001 /* Article.swift */; };
B20001000000000000000002 /* Source.swift in Sources */ = {isa = PBXBuildFile; fileRef = B20002000000000000000002 /* Source.swift */; };
B20001000000000000000003 /* UserPreferences.swift in Sources */ = {isa = PBXBuildFile; fileRef = B20002000000000000000003 /* UserPreferences.swift */; };
B20001000000000000000004 /* APIClient.swift in Sources */ = {isa = PBXBuildFile; fileRef = B20002000000000000000004 /* APIClient.swift */; };
B20001000000000000000005 /* PersistenceService.swift in Sources */ = {isa = PBXBuildFile; fileRef = B20002000000000000000005 /* PersistenceService.swift */; };
		C30001000000000000000001 /* NotificationManager.swift in Sources */ = {isa = PBXBuildFile; fileRef = C30002000000000000000001 /* NotificationManager.swift */; };
		D40001000000000000000001 /* ArticleCardView.swift in Sources */ = {isa = PBXBuildFile; fileRef = D40002000000000000000001 /* ArticleCardView.swift */; };
		D40001000000000000000002 /* ArticleDetailView.swift in Sources */ = {isa = PBXBuildFile; fileRef = D40002000000000000000002 /* ArticleDetailView.swift */; };
		D40001000000000000000003 /* FeedViewModel.swift in Sources */ = {isa = PBXBuildFile; fileRef = D40002000000000000000003 /* FeedViewModel.swift */; };
		E50001000000000000000001 /* StoreManager.swift in Sources */ = {isa = PBXBuildFile; fileRef = E50002000000000000000001 /* StoreManager.swift */; };
		E50001000000000000000002 /* UsageManager.swift in Sources */ = {isa = PBXBuildFile; fileRef = E50002000000000000000002 /* UsageManager.swift */; };
		E50001000000000000000003 /* PaywallView.swift in Sources */ = {isa = PBXBuildFile; fileRef = E50002000000000000000003 /* PaywallView.swift */; };
		E50001000000000000000004 /* RevenueCat in Frameworks */ = {isa = PBXBuildFile; productRef = E50007000000000000000001 /* RevenueCat */; };
/* End PBXBuildFile section */

/* Begin PBXFileReference section */
		E50002000000000000000001 /* PrivacyInfo.xcprivacy */ = {isa = PBXFileReference; lastKnownFileType = text.xml; path = PrivacyInfo.xcprivacy; sourceTree = "<group>"; };
		A10002000000000000000001 /* AINewsTodayApp.swift */ = {isa = PBXFileReference; lastKnownFileType = sourcecode.swift; path = AINewsTodayApp.swift; sourceTree = "<group>"; };
		A10002000000000000000002 /* ContentView.swift */ = {isa = PBXFileReference; lastKnownFileType = sourcecode.swift; path = ContentView.swift; sourceTree = "<group>"; };
		A10002000000000000000003 /* FeedView.swift */ = {isa = PBXFileReference; lastKnownFileType = sourcecode.swift; path = FeedView.swift; sourceTree = "<group>"; };
		A10002000000000000000004 /* BookmarksView.swift */ = {isa = PBXFileReference; lastKnownFileType = sourcecode.swift; path = BookmarksView.swift; sourceTree = "<group>"; };
		A10002000000000000000005 /* SettingsView.swift */ = {isa = PBXFileReference; lastKnownFileType = sourcecode.swift; path = SettingsView.swift; sourceTree = "<group>"; };
		A10002000000000000000006 /* Assets.xcassets */ = {isa = PBXFileReference; lastKnownFileType = folder.assetcatalog; path = Assets.xcassets; sourceTree = "<group>"; };
		A10002000000000000000007 /* AI News Today.app */ = {isa = PBXFileReference; explicitFileType = wrapper.application; includeInIndex = 0; path = "AI News Today.app"; sourceTree = BUILT_PRODUCTS_DIR; };
B20002000000000000000001 /* Article.swift */ = {isa = PBXFileReference; lastKnownFileType = sourcecode.swift; path = Article.swift; sourceTree = "<group>"; };
B20002000000000000000002 /* Source.swift */ = {isa = PBXFileReference; lastKnownFileType = sourcecode.swift; path = Source.swift; sourceTree = "<group>"; };
B20002000000000000000003 /* UserPreferences.swift */ = {isa = PBXFileReference; lastKnownFileType = sourcecode.swift; path = UserPreferences.swift; sourceTree = "<group>"; };
B20002000000000000000004 /* APIClient.swift */ = {isa = PBXFileReference; lastKnownFileType = sourcecode.swift; path = APIClient.swift; sourceTree = "<group>"; };
B20002000000000000000005 /* PersistenceService.swift */ = {isa = PBXFileReference; lastKnownFileType = sourcecode.swift; path = PersistenceService.swift; sourceTree = "<group>"; };
		C30002000000000000000001 /* NotificationManager.swift */ = {isa = PBXFileReference; lastKnownFileType = sourcecode.swift; path = NotificationManager.swift; sourceTree = "<group>"; };
		D40002000000000000000001 /* ArticleCardView.swift */ = {isa = PBXFileReference; lastKnownFileType = sourcecode.swift; path = ArticleCardView.swift; sourceTree = "<group>"; };
		D40002000000000000000002 /* ArticleDetailView.swift */ = {isa = PBXFileReference; lastKnownFileType = sourcecode.swift; path = ArticleDetailView.swift; sourceTree = "<group>"; };
		D40002000000000000000003 /* FeedViewModel.swift */ = {isa = PBXFileReference; lastKnownFileType = sourcecode.swift; path = FeedViewModel.swift; sourceTree = "<group>"; };
		E50002000000000000000001 /* StoreManager.swift */ = {isa = PBXFileReference; lastKnownFileType = sourcecode.swift; path = StoreManager.swift; sourceTree = "<group>"; };
		E50002000000000000000002 /* UsageManager.swift */ = {isa = PBXFileReference; lastKnownFileType = sourcecode.swift; path = UsageManager.swift; sourceTree = "<group>"; };
		E50002000000000000000003 /* PaywallView.swift */ = {isa = PBXFileReference; lastKnownFileType = sourcecode.swift; path = PaywallView.swift; sourceTree = "<group>"; };
/* End PBXFileReference section */

/* Begin PBXFrameworksBuildPhase section */
		A10004000000000000000003 /* Frameworks */ = {
			isa = PBXFrameworksBuildPhase;
			buildActionMask = 2147483647;
			files = (
				E50001000000000000000004 /* RevenueCat in Frameworks */,
			);
			runOnlyForDeploymentPostprocessing = 0;
		};
/* End PBXFrameworksBuildPhase section */

/* Begin PBXGroup section */
		A10003000000000000000001 = {
			isa = PBXGroup;
			children = (
				A10003000000000000000002 /* AINewsToday */,
				A10003000000000000000009 /* Products */,
			);
			sourceTree = "<group>";
		};
		A10003000000000000000002 /* AINewsToday */ = {
			isa = PBXGroup;
			children = (
				E50002000000000000000001 /* PrivacyInfo.xcprivacy */,
				A10002000000000000000001 /* AINewsTodayApp.swift */,
				A10002000000000000000002 /* ContentView.swift */,
				A10002000000000000000006 /* Assets.xcassets */,
				A10003000000000000000003 /* Views */,
				A10003000000000000000007 /* Models */,
				A10003000000000000000008 /* Services */,
				D40003000000000000000001 /* ViewModels */,
			);
			path = AINewsToday;
			sourceTree = "<group>";
		};
		A10003000000000000000003 /* Views */ = {
			isa = PBXGroup;
			children = (
				A10003000000000000000004 /* Feed */,
				A10003000000000000000005 /* Bookmarks */,
				A10003000000000000000006 /* Settings */,
				E50003000000000000000001 /* Paywall */,
			);
			path = Views;
			sourceTree = "<group>";
		};
		A10003000000000000000004 /* Feed */ = {
			isa = PBXGroup;
			children = (
				A10002000000000000000003 /* FeedView.swift */,
				D40002000000000000000001 /* ArticleCardView.swift */,
				D40002000000000000000002 /* ArticleDetailView.swift */,
			);
			path = Feed;
			sourceTree = "<group>";
		};
		A10003000000000000000005 /* Bookmarks */ = {
			isa = PBXGroup;
			children = (
				A10002000000000000000004 /* BookmarksView.swift */,
			);
			path = Bookmarks;
			sourceTree = "<group>";
		};
		A10003000000000000000006 /* Settings */ = {
			isa = PBXGroup;
			children = (
				A10002000000000000000005 /* SettingsView.swift */,
			);
			path = Settings;
			sourceTree = "<group>";
		};
		A10003000000000000000007 /* Models */ = {
			isa = PBXGroup;
			children = (
				B20002000000000000000001 /* Article.swift */,
				B20002000000000000000002 /* Source.swift */,
				B20002000000000000000003 /* UserPreferences.swift */,
			);
			path = Models;
			sourceTree = "<group>";
		};
		A10003000000000000000008 /* Services */ = {
			isa = PBXGroup;
			children = (
				B20002000000000000000004 /* APIClient.swift */,
				B20002000000000000000005 /* PersistenceService.swift */,
				C30002000000000000000001 /* NotificationManager.swift */,
				E50002000000000000000001 /* StoreManager.swift */,
				E50002000000000000000002 /* UsageManager.swift */,
			);
			path = Services;
			sourceTree = "<group>";
		};
		A10003000000000000000009 /* Products */ = {
			isa = PBXGroup;
			children = (
				A10002000000000000000007 /* AI News Today.app */,
			);
			name = Products;
			sourceTree = "<group>";
		};
		D40003000000000000000001 /* ViewModels */ = {
			isa = PBXGroup;
			children = (
				D40002000000000000000003 /* FeedViewModel.swift */,
			);
			path = ViewModels;
			sourceTree = "<group>";
		};
		E50003000000000000000001 /* Paywall */ = {
			isa = PBXGroup;
			children = (
				E50002000000000000000003 /* PaywallView.swift */,
			);
			path = Paywall;
			sourceTree = "<group>";
		};
/* End PBXGroup section */

/* Begin PBXNativeTarget section */
		A10005000000000000000001 /* AINewsToday */ = {
			isa = PBXNativeTarget;
			buildConfigurationList = A10006000000000000000005 /* Build configuration list for PBXNativeTarget "AINewsToday" */;
			buildPhases = (
				A10004000000000000000001 /* Sources */,
				A10004000000000000000002 /* Resources */,
				A10004000000000000000003 /* Frameworks */,
			);
			buildRules = (
			);
			dependencies = (
			);
			name = AINewsToday;
			packageProductDependencies = (
				E50007000000000000000001 /* RevenueCat */,
			);
			productName = AINewsToday;
			productReference = A10002000000000000000007 /* AI News Today.app */;
			productType = "com.apple.product-type.application";
		};
/* End PBXNativeTarget section */

/* Begin PBXProject section */
		A10005000000000000000002 /* Project object */ = {
			isa = PBXProject;
			attributes = {
				BuildIndependentTargetsInParallel = 1;
				LastSwiftUpdateCheck = 1540;
				LastUpgradeCheck = 1540;
				TargetAttributes = {
					A10005000000000000000001 = {
						CreatedOnToolsVersion = 15.4;
					};
				};
			};
			buildConfigurationList = A10006000000000000000006 /* Build configuration list for PBXProject "AINewsToday" */;
			compatibilityVersion = "Xcode 14.0";
			developmentRegion = en;
			hasScannedForEncodings = 0;
			knownRegions = (
				en,
				Base,
			);
			mainGroup = A10003000000000000000001;
			productRefGroup = A10003000000000000000009 /* Products */;
			projectDirPath = "";
			packageReferences = (
				E50006000000000000000001 /* XCRemoteSwiftPackageReference "purchases-ios" */,
			);
			projectRoot = "";
			targets = (
				A10005000000000000000001 /* AINewsToday */,
			);
		};
/* End PBXProject section */

/* Begin PBXResourcesBuildPhase section */
		A10004000000000000000002 /* Resources */ = {
			isa = PBXResourcesBuildPhase;
			buildActionMask = 2147483647;
			files = (
				E50002000000000000000002 /* PrivacyInfo.xcprivacy in Resources */,
				A10001000000000000000006 /* Assets.xcassets in Resources */,
			);
			runOnlyForDeploymentPostprocessing = 0;
		};
/* End PBXResourcesBuildPhase section */

/* Begin PBXSourcesBuildPhase section */
		A10004000000000000000001 /* Sources */ = {
			isa = PBXSourcesBuildPhase;
			buildActionMask = 2147483647;
			files = (
				A10001000000000000000001 /* AINewsTodayApp.swift in Sources */,
				A10001000000000000000002 /* ContentView.swift in Sources */,
				A10001000000000000000003 /* FeedView.swift in Sources */,
				A10001000000000000000004 /* BookmarksView.swift in Sources */,
				A10001000000000000000005 /* SettingsView.swift in Sources */,
				B20001000000000000000001 /* Article.swift in Sources */,
				B20001000000000000000002 /* Source.swift in Sources */,
				B20001000000000000000003 /* UserPreferences.swift in Sources */,
				B20001000000000000000004 /* APIClient.swift in Sources */,
				B20001000000000000000005 /* PersistenceService.swift in Sources */,
				C30001000000000000000001 /* NotificationManager.swift in Sources */,
				D40001000000000000000001 /* ArticleCardView.swift in Sources */,
				D40001000000000000000002 /* ArticleDetailView.swift in Sources */,
				D40001000000000000000003 /* FeedViewModel.swift in Sources */,
				E50001000000000000000001 /* StoreManager.swift in Sources */,
				E50001000000000000000002 /* UsageManager.swift in Sources */,
				E50001000000000000000003 /* PaywallView.swift in Sources */,
			);
			runOnlyForDeploymentPostprocessing = 0;
		};
/* End PBXSourcesBuildPhase section */

/* Begin XCBuildConfiguration section */
		A10006000000000000000001 /* Debug */ = {
			isa = XCBuildConfiguration;
			buildSettings = {
				ASSETCATALOG_COMPILER_APPICON_NAME = AppIcon;
				ASSETCATALOG_COMPILER_GLOBAL_ACCENT_COLOR_NAME = AccentColor;
				CODE_SIGN_STYLE = Automatic;
				CURRENT_PROJECT_VERSION = 1;
				DEVELOPMENT_TEAM = "";
				GENERATE_INFOPLIST_FILE = YES;
				INFOPLIST_KEY_CFBundleDisplayName = "AI News Today";
				INFOPLIST_KEY_UIApplicationSceneManifest_Generation = YES;
				INFOPLIST_KEY_UIApplicationSupportsIndirectInputEvents = YES;
				INFOPLIST_KEY_UILaunchScreen_Generation = YES;
				INFOPLIST_KEY_UISupportedInterfaceOrientations_iPad = "UIInterfaceOrientationPortrait UIInterfaceOrientationPortraitUpsideDown UIInterfaceOrientationLandscapeLeft UIInterfaceOrientationLandscapeRight";
				INFOPLIST_KEY_UISupportedInterfaceOrientations_iPhone = "UIInterfaceOrientationPortrait UIInterfaceOrientationLandscapeLeft UIInterfaceOrientationLandscapeRight";
				IPHONEOS_DEPLOYMENT_TARGET = 17.0;
				LD_RUNPATH_SEARCH_PATHS = (
					"$(inherited)",
					"@executable_path/Frameworks",
				);
				MARKETING_VERSION = 1.0;
				PRODUCT_BUNDLE_IDENTIFIER = com.ainewstoday.app;
				PRODUCT_NAME = "AI News Today";
				SWIFT_EMIT_LOC_STRINGS = YES;
				SWIFT_VERSION = 5.0;
				TARGETED_DEVICE_FAMILY = "1,2";
			};
			name = Debug;
		};
		A10006000000000000000002 /* Release */ = {
			isa = XCBuildConfiguration;
			buildSettings = {
				ASSETCATALOG_COMPILER_APPICON_NAME = AppIcon;
				ASSETCATALOG_COMPILER_GLOBAL_ACCENT_COLOR_NAME = AccentColor;
				CODE_SIGN_STYLE = Automatic;
				CURRENT_PROJECT_VERSION = 1;
				DEVELOPMENT_TEAM = "";
				GENERATE_INFOPLIST_FILE = YES;
				INFOPLIST_KEY_CFBundleDisplayName = "AI News Today";
				INFOPLIST_KEY_UIApplicationSceneManifest_Generation = YES;
				INFOPLIST_KEY_UIApplicationSupportsIndirectInputEvents = YES;
				INFOPLIST_KEY_UILaunchScreen_Generation = YES;
				INFOPLIST_KEY_UISupportedInterfaceOrientations_iPad = "UIInterfaceOrientationPortrait UIInterfaceOrientationPortraitUpsideDown UIInterfaceOrientationLandscapeLeft UIInterfaceOrientationLandscapeRight";
				INFOPLIST_KEY_UISupportedInterfaceOrientations_iPhone = "UIInterfaceOrientationPortrait UIInterfaceOrientationLandscapeLeft UIInterfaceOrientationLandscapeRight";
				IPHONEOS_DEPLOYMENT_TARGET = 17.0;
				LD_RUNPATH_SEARCH_PATHS = (
					"$(inherited)",
					"@executable_path/Frameworks",
				);
				MARKETING_VERSION = 1.0;
				PRODUCT_BUNDLE_IDENTIFIER = com.ainewstoday.app;
				PRODUCT_NAME = "AI News Today";
				SWIFT_EMIT_LOC_STRINGS = YES;
				SWIFT_VERSION = 5.0;
				TARGETED_DEVICE_FAMILY = "1,2";
				VALIDATE_PRODUCT = YES;
			};
			name = Release;
		};
		A10006000000000000000003 /* Debug */ = {
			isa = XCBuildConfiguration;
			buildSettings = {
				ALWAYS_SEARCH_USER_PATHS = NO;
				ASSETCATALOG_COMPILER_GENERATE_SWIFT_ASSET_SYMBOL_EXTENSIONS = YES;
				CLANG_ANALYZER_NONNULL = YES;
				CLANG_ANALYZER_NUMBER_OBJECT_CONVERSION = YES_AGGRESSIVE;
				CLANG_CXX_LANGUAGE_STANDARD = "gnu++20";
				CLANG_ENABLE_MODULES = YES;
				CLANG_ENABLE_OBJC_ARC = YES;
				CLANG_ENABLE_OBJC_WEAK = YES;
				CLANG_WARN_BLOCK_CAPTURE_AUTORELEASING = YES;
				CLANG_WARN_BOOL_CONVERSION = YES;
				CLANG_WARN_COMMA = YES;
				CLANG_WARN_CONSTANT_CONVERSION = YES;
				CLANG_WARN_DEPRECATED_OBJC_IMPLEMENTATIONS = YES;
				CLANG_WARN_DIRECT_OBJC_ISA_USAGE = YES_ERROR;
				CLANG_WARN_DOCUMENTATION_COMMENTS = YES;
				CLANG_WARN_EMPTY_BODY = YES;
				CLANG_WARN_ENUM_CONVERSION = YES;
				CLANG_WARN_INFINITE_RECURSION = YES;
				CLANG_WARN_INT_CONVERSION = YES;
				CLANG_WARN_NON_LITERAL_NULL_CONVERSION = YES;
				CLANG_WARN_OBJC_IMPLICIT_RETAIN_SELF = YES;
				CLANG_WARN_OBJC_LITERAL_CONVERSION = YES;
				CLANG_WARN_OBJC_ROOT_CLASS = YES_ERROR;
				CLANG_WARN_QUOTED_INCLUDE_IN_FRAMEWORK_HEADER = YES;
				CLANG_WARN_RANGE_LOOP_ANALYSIS = YES;
				CLANG_WARN_STRICT_PROTOTYPES = YES;
				CLANG_WARN_SUSPICIOUS_MOVE = YES;
				CLANG_WARN_UNINITIALIZED = YES;
				CLANG_WARN_UNREACHABLE_CODE = YES;
				CLANG_WARN__DUPLICATE_METHOD_EXCEPTION = YES;
				COPY_PHASE_STRIP = NO;
				DEBUG_INFORMATION_FORMAT = dwarf;
				ENABLE_STRICT_OBJC_MSGSEND = YES;
				ENABLE_TESTABILITY = YES;
				ENABLE_USER_SCRIPT_SANDBOXING = YES;
				GCC_C_LANGUAGE_STANDARD = gnu17;
				GCC_DYNAMIC_NO_PIC = NO;
				GCC_NO_COMMON_BLOCKS = YES;
				GCC_OPTIMIZATION_LEVEL = 0;
				GCC_PREPROCESSOR_DEFINITIONS = (
					"DEBUG=1",
					"$(inherited)",
				);
				GCC_WARN_64_TO_32_BIT_CONVERSION = YES;
				GCC_WARN_ABOUT_RETURN_TYPE = YES_ERROR;
				GCC_WARN_UNDECLARED_SELECTOR = YES;
				GCC_WARN_UNINITIALIZED_AUTOS = YES_AGGRESSIVE;
				GCC_WARN_UNUSED_FUNCTION = YES;
				GCC_WARN_UNUSED_VARIABLE = YES;
				IPHONEOS_DEPLOYMENT_TARGET = 17.0;
				LOCALIZATION_PREFERS_STRING_CATALOGS = YES;
				MTL_ENABLE_DEBUG_INFO = INCLUDE_SOURCE;
				MTL_FAST_MATH = YES;
				ONLY_ACTIVE_ARCH = YES;
				SDKROOT = iphoneos;
				SWIFT_ACTIVE_COMPILATION_CONDITIONS = "DEBUG $(inherited)";
				SWIFT_OPTIMIZATION_LEVEL = "-Onone";
			};
			name = Debug;
		};
		A10006000000000000000004 /* Release */ = {
			isa = XCBuildConfiguration;
			buildSettings = {
				ALWAYS_SEARCH_USER_PATHS = NO;
				ASSETCATALOG_COMPILER_GENERATE_SWIFT_ASSET_SYMBOL_EXTENSIONS = YES;
				CLANG_ANALYZER_NONNULL = YES;
				CLANG_ANALYZER_NUMBER_OBJECT_CONVERSION = YES_AGGRESSIVE;
				CLANG_CXX_LANGUAGE_STANDARD = "gnu++20";
				CLANG_ENABLE_MODULES = YES;
				CLANG_ENABLE_OBJC_ARC = YES;
				CLANG_ENABLE_OBJC_WEAK = YES;
				CLANG_WARN_BLOCK_CAPTURE_AUTORELEASING = YES;
				CLANG_WARN_BOOL_CONVERSION = YES;
				CLANG_WARN_COMMA = YES;
				CLANG_WARN_CONSTANT_CONVERSION = YES;
				CLANG_WARN_DEPRECATED_OBJC_IMPLEMENTATIONS = YES;
				CLANG_WARN_DIRECT_OBJC_ISA_USAGE = YES_ERROR;
				CLANG_WARN_DOCUMENTATION_COMMENTS = YES;
				CLANG_WARN_EMPTY_BODY = YES;
				CLANG_WARN_ENUM_CONVERSION = YES;
				CLANG_WARN_INFINITE_RECURSION = YES;
				CLANG_WARN_INT_CONVERSION = YES;
				CLANG_WARN_NON_LITERAL_NULL_CONVERSION = YES;
				CLANG_WARN_OBJC_IMPLICIT_RETAIN_SELF = YES;
				CLANG_WARN_OBJC_LITERAL_CONVERSION = YES;
				CLANG_WARN_OBJC_ROOT_CLASS = YES_ERROR;
				CLANG_WARN_QUOTED_INCLUDE_IN_FRAMEWORK_HEADER = YES;
				CLANG_WARN_RANGE_LOOP_ANALYSIS = YES;
				CLANG_WARN_STRICT_PROTOTYPES = YES;
				CLANG_WARN_SUSPICIOUS_MOVE = YES;
				CLANG_WARN_UNINITIALIZED = YES;
				CLANG_WARN_UNREACHABLE_CODE = YES;
				CLANG_WARN__DUPLICATE_METHOD_EXCEPTION = YES;
				COPY_PHASE_STRIP = NO;
				DEBUG_INFORMATION_FORMAT = "dwarf-with-dsym";
				ENABLE_NS_ASSERTIONS = NO;
				ENABLE_STRICT_OBJC_MSGSEND = YES;
				ENABLE_USER_SCRIPT_SANDBOXING = YES;
				GCC_C_LANGUAGE_STANDARD = gnu17;
				GCC_NO_COMMON_BLOCKS = YES;
				GCC_WARN_64_TO_32_BIT_CONVERSION = YES;
				GCC_WARN_ABOUT_RETURN_TYPE = YES_ERROR;
				GCC_WARN_UNDECLARED_SELECTOR = YES;
				GCC_WARN_UNINITIALIZED_AUTOS = YES_AGGRESSIVE;
				GCC_WARN_UNUSED_FUNCTION = YES;
				GCC_WARN_UNUSED_VARIABLE = YES;
				IPHONEOS_DEPLOYMENT_TARGET = 17.0;
				LOCALIZATION_PREFERS_STRING_CATALOGS = YES;
				MTL_FAST_MATH = YES;
				SDKROOT = iphoneos;
				SWIFT_COMPILATION_MODE = wholemodule;
				SWIFT_OPTIMIZATION_LEVEL = "-O";
				VALIDATE_PRODUCT = YES;
			};
			name = Release;
		};
/* End XCBuildConfiguration section */

/* Begin XCConfigurationList section */
		A10006000000000000000005 /* Build configuration list for PBXNativeTarget "AINewsToday" */ = {
			isa = XCConfigurationList;
			buildConfigurations = (
				A10006000000000000000001 /* Debug */,
				A10006000000000000000002 /* Release */,
			);
			defaultConfigurationIsVisible = 0;
			defaultConfigurationName = Release;
		};
		A10006000000000000000006 /* Build configuration list for PBXProject "AINewsToday" */ = {
			isa = XCConfigurationList;
			buildConfigurations = (
				A10006000000000000000003 /* Debug */,
				A10006000000000000000004 /* Release */,
			);
			defaultConfigurationIsVisible = 0;
			defaultConfigurationName = Release;
		};
/* End XCConfigurationList section */

}
/* Begin XCRemoteSwiftPackageReference section */
		E50006000000000000000001 /* XCRemoteSwiftPackageReference "purchases-ios" */ = {
			isa = XCRemoteSwiftPackageReference;
			repositoryURL = "https://github.com/RevenueCat/purchases-ios.git";
			requirement = {
				kind = upToNextMajorVersion;
				minimumVersion = 5.0.0;
			};
		};
/* End XCRemoteSwiftPackageReference section */

/* Begin XCSwiftPackageProductDependency section */
		E50007000000000000000001 /* RevenueCat */ = {
			isa = XCSwiftPackageProductDependency;
			package = E50006000000000000000001 /* XCRemoteSwiftPackageReference "purchases-ios" */;
			productName = RevenueCat;
		};
/* End XCSwiftPackageProductDependency section */

	};
	rootObject = A10005000000000000000002 /* Project object */;
}
